
Microsoft Visual Studio Solution File, Format Version 12.00
# Visual Studio Version 17
VisualStudioVersion = 17.5.33424.131
MinimumVisualStudioVersion = 10.0.40219.1
Project("{FAE04EC0-301F-11D3-BF4B-00C04F79EFBC}") = "Server", "ServiceModel\Server.csproj", "{BFA456DB-BA6F-4D06-8159-B2138A8772F1}"
EndProject
Project("{FAE04EC0-301F-11D3-BF4B-00C04F79EFBC}") = "Client", "Client\Client.csproj", "{615AAFA9-8422-48E7-BB30-AF99B9E268CE}"
EndProject
Project("{FAE04EC0-301F-11D3-BF4B-00C04F79EFBC}") = "Shared", "Shared\Shared.csproj", "{A0029034-CE57-43D5-91EB-B0DC26A139C3}"
EndProject
Project("{FAE04EC0-301F-11D3-BF4B-00C04F79EFBC}") = "ClientNet1", "ClientNet1\ClientNet1.csproj", "{3C3EE5A6-F214-4D11-8A92-3D0997363DB1}"
EndProject
Project("{FAE04EC0-301F-11D3-BF4B-00C04F79EFBC}") = "ServerNet2", "ServerNet2\ServerNet2.csproj", "{6B8F8939-F95C-4033-8E10-BDBE6D2B538C}"
EndProject
Project("{9A19103F-16F7-4668-BE54-9A1E7A4F7556}") = "GrpcService3", "GrpcService3\GrpcService3.csproj", "{ABDDF9FC-D3BB-49A6-B0A4-358D76E23049}"
EndProject
Project("{FAE04EC0-301F-11D3-BF4B-00C04F79EFBC}") = "ServiceNetConsole5", "ServiceNetConsole5\ServiceNetConsole5.csproj", "{3DB8E443-B269-485A-B261-2AA51743FA94}"
EndProject
Global
	GlobalSection(SolutionConfigurationPlatforms) = preSolution
		Debug|Any CPU = Debug|Any CPU
		Release|Any CPU = Release|Any CPU
	EndGlobalSection
	GlobalSection(ProjectConfigurationPlatforms) = postSolution
		{BFA456DB-BA6F-4D06-8159-B2138A8772F1}.Debug|Any CPU.ActiveCfg = Debug|Any CPU
		{BFA456DB-BA6F-4D06-8159-B2138A8772F1}.Debug|Any CPU.Build.0 = Debug|Any CPU
		{BFA456DB-BA6F-4D06-8159-B2138A8772F1}.Release|Any CPU.ActiveCfg = Release|Any CPU
		{BFA456DB-BA6F-4D06-8159-B2138A8772F1}.Release|Any CPU.Build.0 = Release|Any CPU
		{615AAFA9-8422-48E7-BB30-AF99B9E268CE}.Debug|Any CPU.ActiveCfg = Debug|Any CPU
		{615AAFA9-8422-48E7-BB30-AF99B9E268CE}.Debug|Any CPU.Build.0 = Debug|Any CPU
		{615AAFA9-8422-48E7-BB30-AF99B9E268CE}.Release|Any CPU.ActiveCfg = Release|Any CPU
		{615AAFA9-8422-48E7-BB30-AF99B9E268CE}.Release|Any CPU.Build.0 = Release|Any CPU
		{A0029034-CE57-43D5-91EB-B0DC26A139C3}.Debug|Any CPU.ActiveCfg = Debug|Any CPU
		{A0029034-CE57-43D5-91EB-B0DC26A139C3}.Debug|Any CPU.Build.0 = Debug|Any CPU
		{A0029034-CE57-43D5-91EB-B0DC26A139C3}.Release|Any CPU.ActiveCfg = Release|Any CPU
		{A0029034-CE57-43D5-91EB-B0DC26A139C3}.Release|Any CPU.Build.0 = Release|Any CPU
		{3C3EE5A6-F214-4D11-8A92-3D0997363DB1}.Debug|Any CPU.ActiveCfg = Debug|Any CPU
		{3C3EE5A6-F214-4D11-8A92-3D0997363DB1}.Debug|Any CPU.Build.0 = Debug|Any CPU
		{3C3EE5A6-F214-4D11-8A92-3D0997363DB1}.Release|Any CPU.ActiveCfg = Release|Any CPU
		{3C3EE5A6-F214-4D11-8A92-3D0997363DB1}.Release|Any CPU.Build.0 = Release|Any CPU
		{6B8F8939-F95C-4033-8E10-BDBE6D2B538C}.Debug|Any CPU.ActiveCfg = Debug|Any CPU
		{6B8F8939-F95C-4033-8E10-BDBE6D2B538C}.Debug|Any CPU.Build.0 = Debug|Any CPU
		{6B8F8939-F95C-4033-8E10-BDBE6D2B538C}.Release|Any CPU.ActiveCfg = Release|Any CPU
		{6B8F8939-F95C-4033-8E10-BDBE6D2B538C}.Release|Any CPU.Build.0 = Release|Any CPU
		{ABDDF9FC-D3BB-49A6-B0A4-358D76E23049}.Debug|Any CPU.ActiveCfg = Debug|Any CPU
		{ABDDF9FC-D3BB-49A6-B0A4-358D76E23049}.Debug|Any CPU.Build.0 = Debug|Any CPU
		{ABDDF9FC-D3BB-49A6-B0A4-358D76E23049}.Release|Any CPU.ActiveCfg = Release|Any CPU
		{ABDDF9FC-D3BB-49A6-B0A4-358D76E23049}.Release|Any CPU.Build.0 = Release|Any CPU
		{3DB8E443-B269-485A-B261-2AA51743FA94}.Debug|Any CPU.ActiveCfg = Debug|Any CPU
		{3DB8E443-B269-485A-B261-2AA51743FA94}.Debug|Any CPU.Build.0 = Debug|Any CPU
		{3DB8E443-B269-485A-B261-2AA51743FA94}.Release|Any CPU.ActiveCfg = Release|Any CPU
		{3DB8E443-B269-485A-B261-2AA51743FA94}.Release|Any CPU.Build.0 = Release|Any CPU
	EndGlobalSection
	GlobalSection(SolutionProperties) = preSolution
		HideSolutionNode = FALSE
	EndGlobalSection
	GlobalSection(ExtensibilityGlobals) = postSolution
		SolutionGuid = {A1598877-6CD8-4B14-887D-BD1CCA20572D}
	EndGlobalSection
EndGlobal
